
Microsoft Visual Studio Solution File, Format Version 12.00
# Visual Studio Version 16
VisualStudioVersion = 16.0.30611.23
MinimumVisualStudioVersion = 10.0.40219.1
Project("{FAE04EC0-301F-11D3-BF4B-00C04F79EFBC}") = "LandonHotelAPI", "LandonHotelAPI\LandonHotelAPI.csproj", "{D65D208C-011B-45D4-A59C-A82C029D9294}"
EndProject
Global
	GlobalSection(SolutionConfigurationPlatforms) = preSolution
		Debug|Any CPU = Debug|Any CPU
		Release|Any CPU = Release|Any CPU
	EndGlobalSection
	GlobalSection(ProjectConfigurationPlatforms) = postSolution
		{D65D208C-011B-45D4-A59C-A82C029D9294}.Debug|Any CPU.ActiveCfg = Debug|Any CPU
		{D65D208C-011B-45D4-A59C-A82C029D9294}.Debug|Any CPU.Build.0 = Debug|Any CPU
		{D65D208C-011B-45D4-A59C-A82C029D9294}.Release|Any CPU.ActiveCfg = Release|Any CPU
		{D65D208C-011B-45D4-A59C-A82C029D9294}.Release|Any CPU.Build.0 = Release|Any CPU
	EndGlobalSection
	GlobalSection(SolutionProperties) = preSolution
		HideSolutionNode = FALSE
	EndGlobalSection
	GlobalSection(ExtensibilityGlobals) = postSolution
		SolutionGuid = {7FC5A840-448A-4D8F-B467-24FA9B82D2FA}
	EndGlobalSection
EndGlobal
